
Microsoft Visual Studio Solution File, Format Version 12.00
# Visual Studio Version 16
VisualStudioVersion = 16.0.31025.194
MinimumVisualStudioVersion = 10.0.40219.1
Project("{FAE04EC0-301F-11D3-BF4B-00C04F79EFBC}") = "WebBanThucAnNhanh", "WebBanThucAnNhanh\WebBanThucAnNhanh.csproj", "{826D1352-FA3D-4312-93A6-364BF03F346F}"
EndProject
Global
	GlobalSection(SolutionConfigurationPlatforms) = preSolution
		Debug|Any CPU = Debug|Any CPU
		Release|Any CPU = Release|Any CPU
	EndGlobalSection
	GlobalSection(ProjectConfigurationPlatforms) = postSolution
		{826D1352-FA3D-4312-93A6-364BF03F346F}.Debug|Any CPU.ActiveCfg = Debug|Any CPU
		{826D1352-FA3D-4312-93A6-364BF03F346F}.Debug|Any CPU.Build.0 = Debug|Any CPU
		{826D1352-FA3D-4312-93A6-364BF03F346F}.Release|Any CPU.ActiveCfg = Release|Any CPU
		{826D1352-FA3D-4312-93A6-364BF03F346F}.Release|Any CPU.Build.0 = Release|Any CPU
	EndGlobalSection
	GlobalSection(SolutionProperties) = preSolution
		HideSolutionNode = FALSE
	EndGlobalSection
	GlobalSection(ExtensibilityGlobals) = postSolution
		SolutionGuid = {7545B9EF-D49D-4996-89F9-925160B1233F}
	EndGlobalSection
EndGlobal
